
Microsoft Visual Studio Solution File, Format Version 12.00
# Visual Studio 14
VisualStudioVersion = 14.0.24720.0
MinimumVisualStudioVersion = 10.0.40219.1
Project("{2150E333-8FDC-42A3-9474-1A3956D46DE8}") = "BLL", "BLL", "{81D126F0-B666-48FD-8083-362607F1B298}"
EndProject
Project("{2150E333-8FDC-42A3-9474-1A3956D46DE8}") = "Caching", "Caching", "{6951E8FF-6D9A-4549-AB68-0E7DA2F8ED09}"
EndProject
Project("{2150E333-8FDC-42A3-9474-1A3956D46DE8}") = "DAL", "DAL", "{0A7ABC83-B9AD-4683-81DE-06360ABC5116}"
EndProject
Project("{2150E333-8FDC-42A3-9474-1A3956D46DE8}") = "Model", "Model", "{9EACADC4-2D1B-4BF8-AADC-9F025AE895F5}"
EndProject
Project("{2150E333-8FDC-42A3-9474-1A3956D46DE8}") = "UI", "UI", "{2DD72FDD-A1BE-44B9-BA1C-504039EE1C9F}"
EndProject
Project("{2150E333-8FDC-42A3-9474-1A3956D46DE8}") = "Util", "Util", "{8F0EFFC7-5314-4AEC-9DA3-50BF2999CFAD}"
EndProject
Project("{FAE04EC0-301F-11D3-BF4B-00C04F79EFBC}") = "IService", "BLL\IService\IService.csproj", "{D278FD74-7FC4-4146-8844-C9E517A196BD}"
EndProject
Project("{FAE04EC0-301F-11D3-BF4B-00C04F79EFBC}") = "Service", "BLL\Service\Service.csproj", "{569D077A-6F98-4014-B8BB-EE4DDB0D166A}"
EndProject
Project("{FAE04EC0-301F-11D3-BF4B-00C04F79EFBC}") = "CachedItem", "Caching\CachedItem\CachedItem.csproj", "{A6B61190-3C4A-4482-90E8-8BEEDF9B5F00}"
EndProject
Project("{FAE04EC0-301F-11D3-BF4B-00C04F79EFBC}") = "Repository", "DAL\Repository\Repository.csproj", "{86129E5F-8D64-4069-8BF2-3F6A9EE389BE}"
EndProject
Project("{FAE04EC0-301F-11D3-BF4B-00C04F79EFBC}") = "Entities", "Model\Entities\Entities.csproj", "{AC6C5770-64AE-40A4-B988-824C4FA18537}"
EndProject
Project("{FAE04EC0-301F-11D3-BF4B-00C04F79EFBC}") = "HelperExtensions", "UI\HelperExtensions\HelperExtensions.csproj", "{FA4548EA-FCB6-4538-A4EB-0FF8D9EB1BE8}"
EndProject
Project("{FAE04EC0-301F-11D3-BF4B-00C04F79EFBC}") = "SqlHelpers", "Util\SqlHelpers\SqlHelpers.csproj", "{646F75ED-4930-4500-B99C-3F7127746715}"
EndProject
Project("{FAE04EC0-301F-11D3-BF4B-00C04F79EFBC}") = "ApiSite", "ApiSite\ApiSite.csproj", "{0A48F9C4-6BE5-4344-AC9A-9CB43C5200D9}"
EndProject
Project("{FAE04EC0-301F-11D3-BF4B-00C04F79EFBC}") = "Cors", "Caching\Cors\Cors.csproj", "{CB8C7705-538C-4A51-8BDE-50B8AEBED9A2}"
EndProject
Project("{FAE04EC0-301F-11D3-BF4B-00C04F79EFBC}") = "MiscHelpers", "Util\MiscHelpers\MiscHelpers.csproj", "{D33EA2A5-D3D6-4F81-BBAA-8EE998252902}"
EndProject
Project("{FAE04EC0-301F-11D3-BF4B-00C04F79EFBC}") = "UploadHelpers", "Util\UploadHelpers\UploadHelpers.csproj", "{2269482E-8D37-4AB3-8690-7C6ABD3048C1}"
EndProject
Global
	GlobalSection(SolutionConfigurationPlatforms) = preSolution
		Debug|Any CPU = Debug|Any CPU
		Release|Any CPU = Release|Any CPU
	EndGlobalSection
	GlobalSection(ProjectConfigurationPlatforms) = postSolution
		{D278FD74-7FC4-4146-8844-C9E517A196BD}.Debug|Any CPU.ActiveCfg = Debug|Any CPU
		{D278FD74-7FC4-4146-8844-C9E517A196BD}.Debug|Any CPU.Build.0 = Debug|Any CPU
		{D278FD74-7FC4-4146-8844-C9E517A196BD}.Release|Any CPU.ActiveCfg = Release|Any CPU
		{D278FD74-7FC4-4146-8844-C9E517A196BD}.Release|Any CPU.Build.0 = Release|Any CPU
		{569D077A-6F98-4014-B8BB-EE4DDB0D166A}.Debug|Any CPU.ActiveCfg = Debug|Any CPU
		{569D077A-6F98-4014-B8BB-EE4DDB0D166A}.Debug|Any CPU.Build.0 = Debug|Any CPU
		{569D077A-6F98-4014-B8BB-EE4DDB0D166A}.Release|Any CPU.ActiveCfg = Release|Any CPU
		{569D077A-6F98-4014-B8BB-EE4DDB0D166A}.Release|Any CPU.Build.0 = Release|Any CPU
		{A6B61190-3C4A-4482-90E8-8BEEDF9B5F00}.Debug|Any CPU.ActiveCfg = Debug|Any CPU
		{A6B61190-3C4A-4482-90E8-8BEEDF9B5F00}.Debug|Any CPU.Build.0 = Debug|Any CPU
		{A6B61190-3C4A-4482-90E8-8BEEDF9B5F00}.Release|Any CPU.ActiveCfg = Release|Any CPU
		{A6B61190-3C4A-4482-90E8-8BEEDF9B5F00}.Release|Any CPU.Build.0 = Release|Any CPU
		{86129E5F-8D64-4069-8BF2-3F6A9EE389BE}.Debug|Any CPU.ActiveCfg = Debug|Any CPU
		{86129E5F-8D64-4069-8BF2-3F6A9EE389BE}.Debug|Any CPU.Build.0 = Debug|Any CPU
		{86129E5F-8D64-4069-8BF2-3F6A9EE389BE}.Release|Any CPU.ActiveCfg = Release|Any CPU
		{86129E5F-8D64-4069-8BF2-3F6A9EE389BE}.Release|Any CPU.Build.0 = Release|Any CPU
		{AC6C5770-64AE-40A4-B988-824C4FA18537}.Debug|Any CPU.ActiveCfg = Debug|Any CPU
		{AC6C5770-64AE-40A4-B988-824C4FA18537}.Debug|Any CPU.Build.0 = Debug|Any CPU
		{AC6C5770-64AE-40A4-B988-824C4FA18537}.Release|Any CPU.ActiveCfg = Release|Any CPU
		{AC6C5770-64AE-40A4-B988-824C4FA18537}.Release|Any CPU.Build.0 = Release|Any CPU
		{FA4548EA-FCB6-4538-A4EB-0FF8D9EB1BE8}.Debug|Any CPU.ActiveCfg = Debug|Any CPU
		{FA4548EA-FCB6-4538-A4EB-0FF8D9EB1BE8}.Debug|Any CPU.Build.0 = Debug|Any CPU
		{FA4548EA-FCB6-4538-A4EB-0FF8D9EB1BE8}.Release|Any CPU.ActiveCfg = Release|Any CPU
		{FA4548EA-FCB6-4538-A4EB-0FF8D9EB1BE8}.Release|Any CPU.Build.0 = Release|Any CPU
		{646F75ED-4930-4500-B99C-3F7127746715}.Debug|Any CPU.ActiveCfg = Debug|Any CPU
		{646F75ED-4930-4500-B99C-3F7127746715}.Debug|Any CPU.Build.0 = Debug|Any CPU
		{646F75ED-4930-4500-B99C-3F7127746715}.Release|Any CPU.ActiveCfg = Release|Any CPU
		{646F75ED-4930-4500-B99C-3F7127746715}.Release|Any CPU.Build.0 = Release|Any CPU
		{0A48F9C4-6BE5-4344-AC9A-9CB43C5200D9}.Debug|Any CPU.ActiveCfg = Debug|Any CPU
		{0A48F9C4-6BE5-4344-AC9A-9CB43C5200D9}.Debug|Any CPU.Build.0 = Debug|Any CPU
		{0A48F9C4-6BE5-4344-AC9A-9CB43C5200D9}.Release|Any CPU.ActiveCfg = Release|Any CPU
		{0A48F9C4-6BE5-4344-AC9A-9CB43C5200D9}.Release|Any CPU.Build.0 = Release|Any CPU
		{CB8C7705-538C-4A51-8BDE-50B8AEBED9A2}.Debug|Any CPU.ActiveCfg = Debug|Any CPU
		{CB8C7705-538C-4A51-8BDE-50B8AEBED9A2}.Debug|Any CPU.Build.0 = Debug|Any CPU
		{CB8C7705-538C-4A51-8BDE-50B8AEBED9A2}.Release|Any CPU.ActiveCfg = Release|Any CPU
		{CB8C7705-538C-4A51-8BDE-50B8AEBED9A2}.Release|Any CPU.Build.0 = Release|Any CPU
		{D33EA2A5-D3D6-4F81-BBAA-8EE998252902}.Debug|Any CPU.ActiveCfg = Debug|Any CPU
		{D33EA2A5-D3D6-4F81-BBAA-8EE998252902}.Debug|Any CPU.Build.0 = Debug|Any CPU
		{D33EA2A5-D3D6-4F81-BBAA-8EE998252902}.Release|Any CPU.ActiveCfg = Release|Any CPU
		{D33EA2A5-D3D6-4F81-BBAA-8EE998252902}.Release|Any CPU.Build.0 = Release|Any CPU
		{2269482E-8D37-4AB3-8690-7C6ABD3048C1}.Debug|Any CPU.ActiveCfg = Debug|Any CPU
		{2269482E-8D37-4AB3-8690-7C6ABD3048C1}.Debug|Any CPU.Build.0 = Debug|Any CPU
		{2269482E-8D37-4AB3-8690-7C6ABD3048C1}.Release|Any CPU.ActiveCfg = Release|Any CPU
		{2269482E-8D37-4AB3-8690-7C6ABD3048C1}.Release|Any CPU.Build.0 = Release|Any CPU
	EndGlobalSection
	GlobalSection(SolutionProperties) = preSolution
		HideSolutionNode = FALSE
	EndGlobalSection
	GlobalSection(NestedProjects) = preSolution
		{D278FD74-7FC4-4146-8844-C9E517A196BD} = {81D126F0-B666-48FD-8083-362607F1B298}
		{569D077A-6F98-4014-B8BB-EE4DDB0D166A} = {81D126F0-B666-48FD-8083-362607F1B298}
		{A6B61190-3C4A-4482-90E8-8BEEDF9B5F00} = {6951E8FF-6D9A-4549-AB68-0E7DA2F8ED09}
		{86129E5F-8D64-4069-8BF2-3F6A9EE389BE} = {0A7ABC83-B9AD-4683-81DE-06360ABC5116}
		{AC6C5770-64AE-40A4-B988-824C4FA18537} = {9EACADC4-2D1B-4BF8-AADC-9F025AE895F5}
		{FA4548EA-FCB6-4538-A4EB-0FF8D9EB1BE8} = {2DD72FDD-A1BE-44B9-BA1C-504039EE1C9F}
		{646F75ED-4930-4500-B99C-3F7127746715} = {8F0EFFC7-5314-4AEC-9DA3-50BF2999CFAD}
		{CB8C7705-538C-4A51-8BDE-50B8AEBED9A2} = {6951E8FF-6D9A-4549-AB68-0E7DA2F8ED09}
		{D33EA2A5-D3D6-4F81-BBAA-8EE998252902} = {8F0EFFC7-5314-4AEC-9DA3-50BF2999CFAD}
		{2269482E-8D37-4AB3-8690-7C6ABD3048C1} = {8F0EFFC7-5314-4AEC-9DA3-50BF2999CFAD}
	EndGlobalSection
	GlobalSection(ExtensibilityGlobals) = postSolution
		EnterpriseLibraryConfigurationToolBinariesPathV6 = packages\EnterpriseLibrary.Common.6.0.1304.0\lib\NET45;packages\EnterpriseLibrary.Data.6.0.1304.0\lib\NET45
	EndGlobalSection
EndGlobal
